{
  "object": {
    "pins": [
      {
        "package": "Introspect",
        "repositoryURL": "https://github.com/siteline/SwiftUI-Introspect.git",
        "state": {
          "branch": null,
          "revision": "7a00ea983ab35346048f7aa23f2422a7890a8361",
          "version": "0.2.1"
        }
      }
    ]
  },
  "version": 1
}
