{
  "object": {
    "pins": [
      {
        "package": "Introspect",
        "repositoryURL": "https://github.com/siteline/SwiftUI-Introspect.git",
        "state": {
          "branch": null,
          "revision": "0ee6d36368422aa2fef62fc41a86a179abe46ef1",
          "version": "0.2.2"
        }
      }
    ]
  },
  "version": 1
}
